// !$*UTF8*$!
{
	archiveVersion = 1;
	classes = {
	};
	objectVersion = 46;
	objects = {

/* Begin PBXBuildFile section */
		2114CF8F73128178ED50F014 /* Pods_TimeTable.framework in Frameworks */ = {isa = PBXBuildFile; fileRef = A498D4F77544EF3F7033999C /* Pods_TimeTable.framework */; };
		9DC71EAC396FE9F566CAEDCD /* Pods_TimeTableTests.framework in Frameworks */ = {isa = PBXBuildFile; fileRef = 7DD3183778E68008CFA44BD4 /* Pods_TimeTableTests.framework */; };
		E8CC9A3C1F4C5A5C7B7EF116 /* Pods_TimeTableUITests.framework in Frameworks */ = {isa = PBXBuildFile; fileRef = 4337F5D7141292A09CCF1266 /* Pods_TimeTableUITests.framework */; };
		F9BC77861D2D65E10039C415 /* AppDelegate.swift in Sources */ = {isa = PBXBuildFile; fileRef = F9BC77851D2D65E10039C415 /* AppDelegate.swift */; };
		F9BC778B1D2D65E10039C415 /* Main.storyboard in Resources */ = {isa = PBXBuildFile; fileRef = F9BC77891D2D65E10039C415 /* Main.storyboard */; };
		F9BC778D1D2D65E10039C415 /* Assets.xcassets in Resources */ = {isa = PBXBuildFile; fileRef = F9BC778C1D2D65E10039C415 /* Assets.xcassets */; };
		F9BC77901D2D65E10039C415 /* LaunchScreen.storyboard in Resources */ = {isa = PBXBuildFile; fileRef = F9BC778E1D2D65E10039C415 /* LaunchScreen.storyboard */; };
		F9BC779B1D2D65E10039C415 /* TimeTableTests.swift in Sources */ = {isa = PBXBuildFile; fileRef = F9BC779A1D2D65E10039C415 /* TimeTableTests.swift */; };
		F9BC77A61D2D65E10039C415 /* TimeTableUITests.swift in Sources */ = {isa = PBXBuildFile; fileRef = F9BC77A51D2D65E10039C415 /* TimeTableUITests.swift */; };
		F9BC77B81D2DAE820039C415 /* ListTasksTableViewCell.swift in Sources */ = {isa = PBXBuildFile; fileRef = FAE322BD1D2D80140058786D /* ListTasksTableViewCell.swift */; };
		F9BC77BA1D2DAEF20039C415 /* ViewController.swift in Sources */ = {isa = PBXBuildFile; fileRef = F9BC77871D2D65E10039C415 /* ViewController.swift */; };
		F9BC77BB1D2DAEF40039C415 /* DayTableViewController.swift in Sources */ = {isa = PBXBuildFile; fileRef = FAD862201D2D75DA00626DC7 /* DayTableViewController.swift */; };
		FAE322B81D2D77A90058786D /* DayTask.swift in Sources */ = {isa = PBXBuildFile; fileRef = FAE322B71D2D77A90058786D /* DayTask.swift */; };
/* End PBXBuildFile section */

/* Begin PBXContainerItemProxy section */
		F9BC77971D2D65E10039C415 /* PBXContainerItemProxy */ = {
			isa = PBXContainerItemProxy;
			containerPortal = F9BC777A1D2D65E10039C415 /* Project object */;
			proxyType = 1;
			remoteGlobalIDString = F9BC77811D2D65E10039C415;
			remoteInfo = TimeTable;
		};
		F9BC77A21D2D65E10039C415 /* PBXContainerItemProxy */ = {
			isa = PBXContainerItemProxy;
			containerPortal = F9BC777A1D2D65E10039C415 /* Project object */;
			proxyType = 1;
			remoteGlobalIDString = F9BC77811D2D65E10039C415;
			remoteInfo = TimeTable;
		};
/* End PBXContainerItemProxy section */

/* Begin PBXFileReference section */
		0BD6C91A8A165D3F6400F84B /* Pods-TimeTable.debug.xcconfig */ = {isa = PBXFileReference; includeInIndex = 1; lastKnownFileType = text.xcconfig; name = "Pods-TimeTable.debug.xcconfig"; path = "Pods/Target Support Files/Pods-TimeTable/Pods-TimeTable.debug.xcconfig"; sourceTree = "<group>"; };
		276F9013B01F99A98B4C0412 /* Pods-TimeTableTests.debug.xcconfig */ = {isa = PBXFileReference; includeInIndex = 1; lastKnownFileType = text.xcconfig; name = "Pods-TimeTableTests.debug.xcconfig"; path = "Pods/Target Support Files/Pods-TimeTableTests/Pods-TimeTableTests.debug.xcconfig"; sourceTree = "<group>"; };
		2DC5904D230400268F6CB965 /* Pods-TimeTableTests.release.xcconfig */ = {isa = PBXFileReference; includeInIndex = 1; lastKnownFileType = text.xcconfig; name = "Pods-TimeTableTests.release.xcconfig"; path = "Pods/Target Support Files/Pods-TimeTableTests/Pods-TimeTableTests.release.xcconfig"; sourceTree = "<group>"; };
		42A0FFC55AA1B48D8910014D /* Pods-TimeTableUITests.release.xcconfig */ = {isa = PBXFileReference; includeInIndex = 1; lastKnownFileType = text.xcconfig; name = "Pods-TimeTableUITests.release.xcconfig"; path = "Pods/Target Support Files/Pods-TimeTableUITests/Pods-TimeTableUITests.release.xcconfig"; sourceTree = "<group>"; };
		4337F5D7141292A09CCF1266 /* Pods_TimeTableUITests.framework */ = {isa = PBXFileReference; explicitFileType = wrapper.framework; includeInIndex = 0; path = Pods_TimeTableUITests.framework; sourceTree = BUILT_PRODUCTS_DIR; };
		6366A8B085EB20B4C1B7CEFD /* Pods-TimeTableUITests.debug.xcconfig */ = {isa = PBXFileReference; includeInIndex = 1; lastKnownFileType = text.xcconfig; name = "Pods-TimeTableUITests.debug.xcconfig"; path = "Pods/Target Support Files/Pods-TimeTableUITests/Pods-TimeTableUITests.debug.xcconfig"; sourceTree = "<group>"; };
		7DD3183778E68008CFA44BD4 /* Pods_TimeTableTests.framework */ = {isa = PBXFileReference; explicitFileType = wrapper.framework; includeInIndex = 0; path = Pods_TimeTableTests.framework; sourceTree = BUILT_PRODUCTS_DIR; };
		A498D4F77544EF3F7033999C /* Pods_TimeTable.framework */ = {isa = PBXFileReference; explicitFileType = wrapper.framework; includeInIndex = 0; path = Pods_TimeTable.framework; sourceTree = BUILT_PRODUCTS_DIR; };
		AC9AF10CCBFA3253A4E3FB98 /* Pods-TimeTable.release.xcconfig */ = {isa = PBXFileReference; includeInIndex = 1; lastKnownFileType = text.xcconfig; name = "Pods-TimeTable.release.xcconfig"; path = "Pods/Target Support Files/Pods-TimeTable/Pods-TimeTable.release.xcconfig"; sourceTree = "<group>"; };
		F9BC77821D2D65E10039C415 /* TimeTable.app */ = {isa = PBXFileReference; explicitFileType = wrapper.application; includeInIndex = 0; path = TimeTable.app; sourceTree = BUILT_PRODUCTS_DIR; };
		F9BC77851D2D65E10039C415 /* AppDelegate.swift */ = {isa = PBXFileReference; lastKnownFileType = sourcecode.swift; path = AppDelegate.swift; sourceTree = "<group>"; };
		F9BC77871D2D65E10039C415 /* ViewController.swift */ = {isa = PBXFileReference; lastKnownFileType = sourcecode.swift; path = ViewController.swift; sourceTree = "<group>"; };
		F9BC778A1D2D65E10039C415 /* Base */ = {isa = PBXFileReference; lastKnownFileType = file.storyboard; name = Base; path = Base.lproj/Main.storyboard; sourceTree = "<group>"; };
		F9BC778C1D2D65E10039C415 /* Assets.xcassets */ = {isa = PBXFileReference; lastKnownFileType = folder.assetcatalog; path = Assets.xcassets; sourceTree = "<group>"; };
		F9BC778F1D2D65E10039C415 /* Base */ = {isa = PBXFileReference; lastKnownFileType = file.storyboard; name = Base; path = Base.lproj/LaunchScreen.storyboard; sourceTree = "<group>"; };
		F9BC77911D2D65E10039C415 /* Info.plist */ = {isa = PBXFileReference; lastKnownFileType = text.plist.xml; path = Info.plist; sourceTree = "<group>"; };
		F9BC77961D2D65E10039C415 /* TimeTableTests.xctest */ = {isa = PBXFileReference; explicitFileType = wrapper.cfbundle; includeInIndex = 0; path = TimeTableTests.xctest; sourceTree = BUILT_PRODUCTS_DIR; };
		F9BC779A1D2D65E10039C415 /* TimeTableTests.swift */ = {isa = PBXFileReference; lastKnownFileType = sourcecode.swift; path = TimeTableTests.swift; sourceTree = "<group>"; };
		F9BC779C1D2D65E10039C415 /* Info.plist */ = {isa = PBXFileReference; lastKnownFileType = text.plist.xml; path = Info.plist; sourceTree = "<group>"; };
		F9BC77A11D2D65E10039C415 /* TimeTableUITests.xctest */ = {isa = PBXFileReference; explicitFileType = wrapper.cfbundle; includeInIndex = 0; path = TimeTableUITests.xctest; sourceTree = BUILT_PRODUCTS_DIR; };
		F9BC77A51D2D65E10039C415 /* TimeTableUITests.swift */ = {isa = PBXFileReference; lastKnownFileType = sourcecode.swift; path = TimeTableUITests.swift; sourceTree = "<group>"; };
		F9BC77A71D2D65E10039C415 /* Info.plist */ = {isa = PBXFileReference; lastKnownFileType = text.plist.xml; path = Info.plist; sourceTree = "<group>"; };
		FAD862201D2D75DA00626DC7 /* DayTableViewController.swift */ = {isa = PBXFileReference; fileEncoding = 4; lastKnownFileType = sourcecode.swift; path = DayTableViewController.swift; sourceTree = "<group>"; };
		FAE322B71D2D77A90058786D /* DayTask.swift */ = {isa = PBXFileReference; fileEncoding = 4; lastKnownFileType = sourcecode.swift; path = DayTask.swift; sourceTree = "<group>"; };
		FAE322BD1D2D80140058786D /* ListTasksTableViewCell.swift */ = {isa = PBXFileReference; fileEncoding = 4; lastKnownFileType = sourcecode.swift; path = ListTasksTableViewCell.swift; sourceTree = "<group>"; };
/* End PBXFileReference section */

/* Begin PBXFrameworksBuildPhase section */
		F9BC777F1D2D65E10039C415 /* Frameworks */ = {
			isa = PBXFrameworksBuildPhase;
			buildActionMask = 2147483647;
			files = (
				2114CF8F73128178ED50F014 /* Pods_TimeTable.framework in Frameworks */,
			);
			runOnlyForDeploymentPostprocessing = 0;
		};
		F9BC77931D2D65E10039C415 /* Frameworks */ = {
			isa = PBXFrameworksBuildPhase;
			buildActionMask = 2147483647;
			files = (
				9DC71EAC396FE9F566CAEDCD /* Pods_TimeTableTests.framework in Frameworks */,
			);
			runOnlyForDeploymentPostprocessing = 0;
		};
		F9BC779E1D2D65E10039C415 /* Frameworks */ = {
			isa = PBXFrameworksBuildPhase;
			buildActionMask = 2147483647;
			files = (
				E8CC9A3C1F4C5A5C7B7EF116 /* Pods_TimeTableUITests.framework in Frameworks */,
			);
			runOnlyForDeploymentPostprocessing = 0;
		};
/* End PBXFrameworksBuildPhase section */

/* Begin PBXGroup section */
		5F4BA4DAD46358EAB5725126 /* Pods */ = {
			isa = PBXGroup;
			children = (
				0BD6C91A8A165D3F6400F84B /* Pods-TimeTable.debug.xcconfig */,
				AC9AF10CCBFA3253A4E3FB98 /* Pods-TimeTable.release.xcconfig */,
				276F9013B01F99A98B4C0412 /* Pods-TimeTableTests.debug.xcconfig */,
				2DC5904D230400268F6CB965 /* Pods-TimeTableTests.release.xcconfig */,
				6366A8B085EB20B4C1B7CEFD /* Pods-TimeTableUITests.debug.xcconfig */,
				42A0FFC55AA1B48D8910014D /* Pods-TimeTableUITests.release.xcconfig */,
			);
			name = Pods;
			sourceTree = "<group>";
		};
		78D0E2765175631CDE54E087 /* Frameworks */ = {
			isa = PBXGroup;
			children = (
				A498D4F77544EF3F7033999C /* Pods_TimeTable.framework */,
				7DD3183778E68008CFA44BD4 /* Pods_TimeTableTests.framework */,
				4337F5D7141292A09CCF1266 /* Pods_TimeTableUITests.framework */,
			);
			name = Frameworks;
			sourceTree = "<group>";
		};
		F9BC77791D2D65E10039C415 = {
			isa = PBXGroup;
			children = (
				F9BC77841D2D65E10039C415 /* TimeTable */,
				F9BC77991D2D65E10039C415 /* TimeTableTests */,
				F9BC77A41D2D65E10039C415 /* TimeTableUITests */,
				F9BC77831D2D65E10039C415 /* Products */,
				5F4BA4DAD46358EAB5725126 /* Pods */,
				78D0E2765175631CDE54E087 /* Frameworks */,
			);
			sourceTree = "<group>";
		};
		F9BC77831D2D65E10039C415 /* Products */ = {
			isa = PBXGroup;
			children = (
				F9BC77821D2D65E10039C415 /* TimeTable.app */,
				F9BC77961D2D65E10039C415 /* TimeTableTests.xctest */,
				F9BC77A11D2D65E10039C415 /* TimeTableUITests.xctest */,
			);
			name = Products;
			sourceTree = "<group>";
		};
		F9BC77841D2D65E10039C415 /* TimeTable */ = {
			isa = PBXGroup;
			children = (
				FAE322BF1D2D802C0058786D /* ViewControllers */,
				FAE322BC1D2D80140058786D /* Views */,
				FAE322B61D2D77870058786D /* Models */,
				F9BC77851D2D65E10039C415 /* AppDelegate.swift */,
				F9BC77891D2D65E10039C415 /* Main.storyboard */,
				F9BC778C1D2D65E10039C415 /* Assets.xcassets */,
				F9BC778E1D2D65E10039C415 /* LaunchScreen.storyboard */,
				F9BC77911D2D65E10039C415 /* Info.plist */,
			);
			path = TimeTable;
			sourceTree = "<group>";
		};
		F9BC77991D2D65E10039C415 /* TimeTableTests */ = {
			isa = PBXGroup;
			children = (
				F9BC779A1D2D65E10039C415 /* TimeTableTests.swift */,
				F9BC779C1D2D65E10039C415 /* Info.plist */,
			);
			path = TimeTableTests;
			sourceTree = "<group>";
		};
		F9BC77A41D2D65E10039C415 /* TimeTableUITests */ = {
			isa = PBXGroup;
			children = (
				F9BC77A51D2D65E10039C415 /* TimeTableUITests.swift */,
				F9BC77A71D2D65E10039C415 /* Info.plist */,
			);
			path = TimeTableUITests;
			sourceTree = "<group>";
		};
		FAE322B61D2D77870058786D /* Models */ = {
			isa = PBXGroup;
			children = (
				FAE322B71D2D77A90058786D /* DayTask.swift */,
			);
			path = Models;
			sourceTree = "<group>";
		};
		FAE322BC1D2D80140058786D /* Views */ = {
			isa = PBXGroup;
			children = (
				FAE322BD1D2D80140058786D /* ListTasksTableViewCell.swift */,
			);
			path = Views;
			sourceTree = "<group>";
		};
		FAE322BF1D2D802C0058786D /* ViewControllers */ = {
			isa = PBXGroup;
			children = (
				FAD862201D2D75DA00626DC7 /* DayTableViewController.swift */,
				F9BC77871D2D65E10039C415 /* ViewController.swift */,
			);
			path = ViewControllers;
			sourceTree = "<group>";
		};
/* End PBXGroup section */

/* Begin PBXNativeTarget section */
		F9BC77811D2D65E10039C415 /* TimeTable */ = {
			isa = PBXNativeTarget;
			buildConfigurationList = F9BC77AA1D2D65E10039C415 /* Build configuration list for PBXNativeTarget "TimeTable" */;
			buildPhases = (
				0C746BD79C73643402D90F7E /* [CP] Check Pods Manifest.lock */,
				F9BC777E1D2D65E10039C415 /* Sources */,
				F9BC777F1D2D65E10039C415 /* Frameworks */,
				F9BC77801D2D65E10039C415 /* Resources */,
				1CC68920A6F111B1FA8AF26E /* [CP] Embed Pods Frameworks */,
				028E53A3D3E747BB422C0BEC /* [CP] Copy Pods Resources */,
			);
			buildRules = (
			);
			dependencies = (
			);
			name = TimeTable;
			productName = TimeTable;
			productReference = F9BC77821D2D65E10039C415 /* TimeTable.app */;
			productType = "com.apple.product-type.application";
		};
		F9BC77951D2D65E10039C415 /* TimeTableTests */ = {
			isa = PBXNativeTarget;
			buildConfigurationList = F9BC77AD1D2D65E10039C415 /* Build configuration list for PBXNativeTarget "TimeTableTests" */;
			buildPhases = (
				134C34238066DE20000ED317 /* [CP] Check Pods Manifest.lock */,
				F9BC77921D2D65E10039C415 /* Sources */,
				F9BC77931D2D65E10039C415 /* Frameworks */,
				F9BC77941D2D65E10039C415 /* Resources */,
				4D6AE580AD840F83004E76F6 /* [CP] Embed Pods Frameworks */,
				E6456949B9B87BEE6752CFE3 /* [CP] Copy Pods Resources */,
			);
			buildRules = (
			);
			dependencies = (
				F9BC77981D2D65E10039C415 /* PBXTargetDependency */,
			);
			name = TimeTableTests;
			productName = TimeTableTests;
			productReference = F9BC77961D2D65E10039C415 /* TimeTableTests.xctest */;
			productType = "com.apple.product-type.bundle.unit-test";
		};
		F9BC77A01D2D65E10039C415 /* TimeTableUITests */ = {
			isa = PBXNativeTarget;
			buildConfigurationList = F9BC77B01D2D65E10039C415 /* Build configuration list for PBXNativeTarget "TimeTableUITests" */;
			buildPhases = (
				977F6AD585D8DD924D34A872 /* [CP] Check Pods Manifest.lock */,
				F9BC779D1D2D65E10039C415 /* Sources */,
				F9BC779E1D2D65E10039C415 /* Frameworks */,
				F9BC779F1D2D65E10039C415 /* Resources */,
				5D603870DE854293A46EE911 /* [CP] Copy Pods Resources */,
			);
			buildRules = (
			);
			dependencies = (
				F9BC77A31D2D65E10039C415 /* PBXTargetDependency */,
			);
			name = TimeTableUITests;
			productName = TimeTableUITests;
			productReference = F9BC77A11D2D65E10039C415 /* TimeTableUITests.xctest */;
			productType = "com.apple.product-type.bundle.ui-testing";
		};
/* End PBXNativeTarget section */

/* Begin PBXProject section */
		F9BC777A1D2D65E10039C415 /* Project object */ = {
			isa = PBXProject;
			attributes = {
				LastSwiftUpdateCheck = 0730;
				LastUpgradeCheck = 0730;
				ORGANIZATIONNAME = "Milind Pathiyal";
				TargetAttributes = {
					F9BC77811D2D65E10039C415 = {
						CreatedOnToolsVersion = 7.3.1;
					};
					F9BC77951D2D65E10039C415 = {
						CreatedOnToolsVersion = 7.3.1;
						TestTargetID = F9BC77811D2D65E10039C415;
					};
					F9BC77A01D2D65E10039C415 = {
						CreatedOnToolsVersion = 7.3.1;
						TestTargetID = F9BC77811D2D65E10039C415;
					};
				};
			};
			buildConfigurationList = F9BC777D1D2D65E10039C415 /* Build configuration list for PBXProject "TimeTable" */;
			compatibilityVersion = "Xcode 3.2";
			developmentRegion = English;
			hasScannedForEncodings = 0;
			knownRegions = (
				en,
				Base,
			);
			mainGroup = F9BC77791D2D65E10039C415;
			productRefGroup = F9BC77831D2D65E10039C415 /* Products */;
			projectDirPath = "";
			projectRoot = "";
			targets = (
				F9BC77811D2D65E10039C415 /* TimeTable */,
				F9BC77951D2D65E10039C415 /* TimeTableTests */,
				F9BC77A01D2D65E10039C415 /* TimeTableUITests */,
			);
		};
/* End PBXProject section */

/* Begin PBXResourcesBuildPhase section */
		F9BC77801D2D65E10039C415 /* Resources */ = {
			isa = PBXResourcesBuildPhase;
			buildActionMask = 2147483647;
			files = (
				F9BC77901D2D65E10039C415 /* LaunchScreen.storyboard in Resources */,
				F9BC778D1D2D65E10039C415 /* Assets.xcassets in Resources */,
				F9BC778B1D2D65E10039C415 /* Main.storyboard in Resources */,
			);
			runOnlyForDeploymentPostprocessing = 0;
		};
		F9BC77941D2D65E10039C415 /* Resources */ = {
			isa = PBXResourcesBuildPhase;
			buildActionMask = 2147483647;
			files = (
			);
			runOnlyForDeploymentPostprocessing = 0;
		};
		F9BC779F1D2D65E10039C415 /* Resources */ = {
			isa = PBXResourcesBuildPhase;
			buildActionMask = 2147483647;
			files = (
			);
			runOnlyForDeploymentPostprocessing = 0;
		};
/* End PBXResourcesBuildPhase section */

/* Begin PBXShellScriptBuildPhase section */
		028E53A3D3E747BB422C0BEC /* [CP] Copy Pods Resources */ = {
			isa = PBXShellScriptBuildPhase;
			buildActionMask = 2147483647;
			files = (
			);
			inputPaths = (
			);
			name = "[CP] Copy Pods Resources";
			outputPaths = (
			);
			runOnlyForDeploymentPostprocessing = 0;
			shellPath = /bin/sh;
			shellScript = "\"${SRCROOT}/Pods/Target Support Files/Pods-TimeTable/Pods-TimeTable-resources.sh\"\n";
			showEnvVarsInLog = 0;
		};
		0C746BD79C73643402D90F7E /* [CP] Check Pods Manifest.lock */ = {
			isa = PBXShellScriptBuildPhase;
			buildActionMask = 2147483647;
			files = (
			);
			inputPaths = (
			);
			name = "[CP] Check Pods Manifest.lock";
			outputPaths = (
			);
			runOnlyForDeploymentPostprocessing = 0;
			shellPath = /bin/sh;
			shellScript = "diff \"${PODS_ROOT}/../Podfile.lock\" \"${PODS_ROOT}/Manifest.lock\" > /dev/null\nif [[ $? != 0 ]] ; then\n    cat << EOM\nerror: The sandbox is not in sync with the Podfile.lock. Run 'pod install' or update your CocoaPods installation.\nEOM\n    exit 1\nfi\n";
			showEnvVarsInLog = 0;
		};
		134C34238066DE20000ED317 /* [CP] Check Pods Manifest.lock */ = {
			isa = PBXShellScriptBuildPhase;
			buildActionMask = 2147483647;
			files = (
			);
			inputPaths = (
			);
			name = "[CP] Check Pods Manifest.lock";
			outputPaths = (
			);
			runOnlyForDeploymentPostprocessing = 0;
			shellPath = /bin/sh;
			shellScript = "diff \"${PODS_ROOT}/../Podfile.lock\" \"${PODS_ROOT}/Manifest.lock\" > /dev/null\nif [[ $? != 0 ]] ; then\n    cat << EOM\nerror: The sandbox is not in sync with the Podfile.lock. Run 'pod install' or update your CocoaPods installation.\nEOM\n    exit 1\nfi\n";
			showEnvVarsInLog = 0;
		};
		1CC68920A6F111B1FA8AF26E /* [CP] Embed Pods Frameworks */ = {
			isa = PBXShellScriptBuildPhase;
			buildActionMask = 2147483647;
			files = (
			);
			inputPaths = (
			);
			name = "[CP] Embed Pods Frameworks";
			outputPaths = (
			);
			runOnlyForDeploymentPostprocessing = 0;
			shellPath = /bin/sh;
			shellScript = "\"${SRCROOT}/Pods/Target Support Files/Pods-TimeTable/Pods-TimeTable-frameworks.sh\"\n";
			showEnvVarsInLog = 0;
		};
		4D6AE580AD840F83004E76F6 /* [CP] Embed Pods Frameworks */ = {
			isa = PBXShellScriptBuildPhase;
			buildActionMask = 2147483647;
			files = (
			);
			inputPaths = (
			);
			name = "[CP] Embed Pods Frameworks";
			outputPaths = (
			);
			runOnlyForDeploymentPostprocessing = 0;
			shellPath = /bin/sh;
			shellScript = "\"${SRCROOT}/Pods/Target Support Files/Pods-TimeTableTests/Pods-TimeTableTests-frameworks.sh\"\n";
			showEnvVarsInLog = 0;
		};
		5D603870DE854293A46EE911 /* [CP] Copy Pods Resources */ = {
			isa = PBXShellScriptBuildPhase;
			buildActionMask = 2147483647;
			files = (
			);
			inputPaths = (
			);
			name = "[CP] Copy Pods Resources";
			outputPaths = (
			);
			runOnlyForDeploymentPostprocessing = 0;
			shellPath = /bin/sh;
			shellScript = "\"${SRCROOT}/Pods/Target Support Files/Pods-TimeTableUITests/Pods-TimeTableUITests-resources.sh\"\n";
			showEnvVarsInLog = 0;
		};
		977F6AD585D8DD924D34A872 /* [CP] Check Pods Manifest.lock */ = {
			isa = PBXShellScriptBuildPhase;
			buildActionMask = 2147483647;
			files = (
			);
			inputPaths = (
			);
			name = "[CP] Check Pods Manifest.lock";
			outputPaths = (
			);
			runOnlyForDeploymentPostprocessing = 0;
			shellPath = /bin/sh;
			shellScript = "diff \"${PODS_ROOT}/../Podfile.lock\" \"${PODS_ROOT}/Manifest.lock\" > /dev/null\nif [[ $? != 0 ]] ; then\n    cat << EOM\nerror: The sandbox is not in sync with the Podfile.lock. Run 'pod install' or update your CocoaPods installation.\nEOM\n    exit 1\nfi\n";
			showEnvVarsInLog = 0;
		};
		E6456949B9B87BEE6752CFE3 /* [CP] Copy Pods Resources */ = {
			isa = PBXShellScriptBuildPhase;
			buildActionMask = 2147483647;
			files = (
			);
			inputPaths = (
			);
			name = "[CP] Copy Pods Resources";
			outputPaths = (
			);
			runOnlyForDeploymentPostprocessing = 0;
			shellPath = /bin/sh;
			shellScript = "\"${SRCROOT}/Pods/Target Support Files/Pods-TimeTableTests/Pods-TimeTableTests-resources.sh\"\n";
			showEnvVarsInLog = 0;
		};
/* End PBXShellScriptBuildPhase section */

/* Begin PBXSourcesBuildPhase section */
		F9BC777E1D2D65E10039C415 /* Sources */ = {
			isa = PBXSourcesBuildPhase;
			buildActionMask = 2147483647;
			files = (
				F9BC77BB1D2DAEF40039C415 /* DayTableViewController.swift in Sources */,
				F9BC77BA1D2DAEF20039C415 /* ViewController.swift in Sources */,
				F9BC77B81D2DAE820039C415 /* ListTasksTableViewCell.swift in Sources */,
				FAE322B81D2D77A90058786D /* DayTask.swift in Sources */,
				F9BC77861D2D65E10039C415 /* AppDelegate.swift in Sources */,
			);
			runOnlyForDeploymentPostprocessing = 0;
		};
		F9BC77921D2D65E10039C415 /* Sources */ = {
			isa = PBXSourcesBuildPhase;
			buildActionMask = 2147483647;
			files = (
				F9BC779B1D2D65E10039C415 /* TimeTableTests.swift in Sources */,
			);
			runOnlyForDeploymentPostprocessing = 0;
		};
		F9BC779D1D2D65E10039C415 /* Sources */ = {
			isa = PBXSourcesBuildPhase;
			buildActionMask = 2147483647;
			files = (
				F9BC77A61D2D65E10039C415 /* TimeTableUITests.swift in Sources */,
			);
			runOnlyForDeploymentPostprocessing = 0;
		};
/* End PBXSourcesBuildPhase section */

/* Begin PBXTargetDependency section */
		F9BC77981D2D65E10039C415 /* PBXTargetDependency */ = {
			isa = PBXTargetDependency;
			target = F9BC77811D2D65E10039C415 /* TimeTable */;
			targetProxy = F9BC77971D2D65E10039C415 /* PBXContainerItemProxy */;
		};
		F9BC77A31D2D65E10039C415 /* PBXTargetDependency */ = {
			isa = PBXTargetDependency;
			target = F9BC77811D2D65E10039C415 /* TimeTable */;
			targetProxy = F9BC77A21D2D65E10039C415 /* PBXContainerItemProxy */;
		};
/* End PBXTargetDependency section */

/* Begin PBXVariantGroup section */
		F9BC77891D2D65E10039C415 /* Main.storyboard */ = {
			isa = PBXVariantGroup;
			children = (
				F9BC778A1D2D65E10039C415 /* Base */,
			);
			name = Main.storyboard;
			sourceTree = "<group>";
		};
		F9BC778E1D2D65E10039C415 /* LaunchScreen.storyboard */ = {
			isa = PBXVariantGroup;
			children = (
				F9BC778F1D2D65E10039C415 /* Base */,
			);
			name = LaunchScreen.storyboard;
			sourceTree = "<group>";
		};
/* End PBXVariantGroup section */

/* Begin XCBuildConfiguration section */
		F9BC77A81D2D65E10039C415 /* Debug */ = {
			isa = XCBuildConfiguration;
			buildSettings = {
				ALWAYS_SEARCH_USER_PATHS = NO;
				CLANG_ANALYZER_NONNULL = YES;
				CLANG_CXX_LANGUAGE_STANDARD = "gnu++0x";
				CLANG_CXX_LIBRARY = "libc++";
				CLANG_ENABLE_MODULES = YES;
				CLANG_ENABLE_OBJC_ARC = YES;
				CLANG_WARN_BOOL_CONVERSION = YES;
				CLANG_WARN_CONSTANT_CONVERSION = YES;
				CLANG_WARN_DIRECT_OBJC_ISA_USAGE = YES_ERROR;
				CLANG_WARN_EMPTY_BODY = YES;
				CLANG_WARN_ENUM_CONVERSION = YES;
				CLANG_WARN_INT_CONVERSION = YES;
				CLANG_WARN_OBJC_ROOT_CLASS = YES_ERROR;
				CLANG_WARN_UNREACHABLE_CODE = YES;
				CLANG_WARN__DUPLICATE_METHOD_MATCH = YES;
				"CODE_SIGN_IDENTITY[sdk=iphoneos*]" = "iPhone Developer";
				COPY_PHASE_STRIP = NO;
				DEBUG_INFORMATION_FORMAT = dwarf;
				ENABLE_STRICT_OBJC_MSGSEND = YES;
				ENABLE_TESTABILITY = YES;
				GCC_C_LANGUAGE_STANDARD = gnu99;
				GCC_DYNAMIC_NO_PIC = NO;
				GCC_NO_COMMON_BLOCKS = YES;
				GCC_OPTIMIZATION_LEVEL = 0;
				GCC_PREPROCESSOR_DEFINITIONS = (
					"DEBUG=1",
					"$(inherited)",
				);
				GCC_WARN_64_TO_32_BIT_CONVERSION = YES;
				GCC_WARN_ABOUT_RETURN_TYPE = YES_ERROR;
				GCC_WARN_UNDECLARED_SELECTOR = YES;
				GCC_WARN_UNINITIALIZED_AUTOS = YES_AGGRESSIVE;
				GCC_WARN_UNUSED_FUNCTION = YES;
				GCC_WARN_UNUSED_VARIABLE = YES;
				IPHONEOS_DEPLOYMENT_TARGET = 9.3;
				MTL_ENABLE_DEBUG_INFO = YES;
				ONLY_ACTIVE_ARCH = YES;
				SDKROOT = iphoneos;
				SWIFT_OPTIMIZATION_LEVEL = "-Onone";
			};
			name = Debug;
		};
		F9BC77A91D2D65E10039C415 /* Release */ = {
			isa = XCBuildConfiguration;
			buildSettings = {
				ALWAYS_SEARCH_USER_PATHS = NO;
				CLANG_ANALYZER_NONNULL = YES;
				CLANG_CXX_LANGUAGE_STANDARD = "gnu++0x";
				CLANG_CXX_LIBRARY = "libc++";
				CLANG_ENABLE_MODULES = YES;
				CLANG_ENABLE_OBJC_ARC = YES;
				CLANG_WARN_BOOL_CONVERSION = YES;
				CLANG_WARN_CONSTANT_CONVERSION = YES;
				CLANG_WARN_DIRECT_OBJC_ISA_USAGE = YES_ERROR;
				CLANG_WARN_EMPTY_BODY = YES;
				CLANG_WARN_ENUM_CONVERSION = YES;
				CLANG_WARN_INT_CONVERSION = YES;
				CLANG_WARN_OBJC_ROOT_CLASS = YES_ERROR;
				CLANG_WARN_UNREACHABLE_CODE = YES;
				CLANG_WARN__DUPLICATE_METHOD_MATCH = YES;
				"CODE_SIGN_IDENTITY[sdk=iphoneos*]" = "iPhone Developer";
				COPY_PHASE_STRIP = NO;
				DEBUG_INFORMATION_FORMAT = "dwarf-with-dsym";
				ENABLE_NS_ASSERTIONS = NO;
				ENABLE_STRICT_OBJC_MSGSEND = YES;
				GCC_C_LANGUAGE_STANDARD = gnu99;
				GCC_NO_COMMON_BLOCKS = YES;
				GCC_WARN_64_TO_32_BIT_CONVERSION = YES;
				GCC_WARN_ABOUT_RETURN_TYPE = YES_ERROR;
				GCC_WARN_UNDECLARED_SELECTOR = YES;
				GCC_WARN_UNINITIALIZED_AUTOS = YES_AGGRESSIVE;
				GCC_WARN_UNUSED_FUNCTION = YES;
				GCC_WARN_UNUSED_VARIABLE = YES;
				IPHONEOS_DEPLOYMENT_TARGET = 9.3;
				MTL_ENABLE_DEBUG_INFO = NO;
				SDKROOT = iphoneos;
				VALIDATE_PRODUCT = YES;
			};
			name = Release;
		};
		F9BC77AB1D2D65E10039C415 /* Debug */ = {
			isa = XCBuildConfiguration;
			baseConfigurationReference = 0BD6C91A8A165D3F6400F84B /* Pods-TimeTable.debug.xcconfig */;
			buildSettings = {
				ASSETCATALOG_COMPILER_APPICON_NAME = AppIcon;
				INFOPLIST_FILE = TimeTable/Info.plist;
				LD_RUNPATH_SEARCH_PATHS = "$(inherited) @executable_path/Frameworks";
				PRODUCT_BUNDLE_IDENTIFIER = Milindian.TimeTable;
				PRODUCT_NAME = "$(TARGET_NAME)";
			};
			name = Debug;
		};
		F9BC77AC1D2D65E10039C415 /* Release */ = {
			isa = XCBuildConfiguration;
			baseConfigurationReference = AC9AF10CCBFA3253A4E3FB98 /* Pods-TimeTable.release.xcconfig */;
			buildSettings = {
				ASSETCATALOG_COMPILER_APPICON_NAME = AppIcon;
				INFOPLIST_FILE = TimeTable/Info.plist;
				LD_RUNPATH_SEARCH_PATHS = "$(inherited) @executable_path/Frameworks";
				PRODUCT_BUNDLE_IDENTIFIER = Milindian.TimeTable;
				PRODUCT_NAME = "$(TARGET_NAME)";
			};
			name = Release;
		};
		F9BC77AE1D2D65E10039C415 /* Debug */ = {
			isa = XCBuildConfiguration;
			baseConfigurationReference = 276F9013B01F99A98B4C0412 /* Pods-TimeTableTests.debug.xcconfig */;
			buildSettings = {
				BUNDLE_LOADER = "$(TEST_HOST)";
				INFOPLIST_FILE = TimeTableTests/Info.plist;
				LD_RUNPATH_SEARCH_PATHS = "$(inherited) @executable_path/Frameworks @loader_path/Frameworks";
				PRODUCT_BUNDLE_IDENTIFIER = Milindian.TimeTableTests;
				PRODUCT_NAME = "$(TARGET_NAME)";
				TEST_HOST = "$(BUILT_PRODUCTS_DIR)/TimeTable.app/TimeTable";
			};
			name = Debug;
		};
		F9BC77AF1D2D65E10039C415 /* Release */ = {
			isa = XCBuildConfiguration;
			baseConfigurationReference = 2DC5904D230400268F6CB965 /* Pods-TimeTableTests.release.xcconfig */;
			buildSettings = {
				BUNDLE_LOADER = "$(TEST_HOST)";
				INFOPLIST_FILE = TimeTableTests/Info.plist;
				LD_RUNPATH_SEARCH_PATHS = "$(inherited) @executable_path/Frameworks @loader_path/Frameworks";
				PRODUCT_BUNDLE_IDENTIFIER = Milindian.TimeTableTests;
				PRODUCT_NAME = "$(TARGET_NAME)";
				TEST_HOST = "$(BUILT_PRODUCTS_DIR)/TimeTable.app/TimeTable";
			};
			name = Release;
		};
		F9BC77B11D2D65E10039C415 /* Debug */ = {
			isa = XCBuildConfiguration;
			baseConfigurationReference = 6366A8B085EB20B4C1B7CEFD /* Pods-TimeTableUITests.debug.xcconfig */;
			buildSettings = {
				INFOPLIST_FILE = TimeTableUITests/Info.plist;
				LD_RUNPATH_SEARCH_PATHS = "$(inherited) @executable_path/Frameworks @loader_path/Frameworks";
				PRODUCT_BUNDLE_IDENTIFIER = Milindian.TimeTableUITests;
				PRODUCT_NAME = "$(TARGET_NAME)";
				TEST_TARGET_NAME = TimeTable;
			};
			name = Debug;
		};
		F9BC77B21D2D65E10039C415 /* Release */ = {
			isa = XCBuildConfiguration;
			baseConfigurationReference = 42A0FFC55AA1B48D8910014D /* Pods-TimeTableUITests.release.xcconfig */;
			buildSettings = {
				INFOPLIST_FILE = TimeTableUITests/Info.plist;
				LD_RUNPATH_SEARCH_PATHS = "$(inherited) @executable_path/Frameworks @loader_path/Frameworks";
				PRODUCT_BUNDLE_IDENTIFIER = Milindian.TimeTableUITests;
				PRODUCT_NAME = "$(TARGET_NAME)";
				TEST_TARGET_NAME = TimeTable;
			};
			name = Release;
		};
/* End XCBuildConfiguration section */

/* Begin XCConfigurationList section */
		F9BC777D1D2D65E10039C415 /* Build configuration list for PBXProject "TimeTable" */ = {
			isa = XCConfigurationList;
			buildConfigurations = (
				F9BC77A81D2D65E10039C415 /* Debug */,
				F9BC77A91D2D65E10039C415 /* Release */,
			);
			defaultConfigurationIsVisible = 0;
			defaultConfigurationName = Release;
		};
		F9BC77AA1D2D65E10039C415 /* Build configuration list for PBXNativeTarget "TimeTable" */ = {
			isa = XCConfigurationList;
			buildConfigurations = (
				F9BC77AB1D2D65E10039C415 /* Debug */,
				F9BC77AC1D2D65E10039C415 /* Release */,
			);
			defaultConfigurationIsVisible = 0;
			defaultConfigurationName = Release;
		};
		F9BC77AD1D2D65E10039C415 /* Build configuration list for PBXNativeTarget "TimeTableTests" */ = {
			isa = XCConfigurationList;
			buildConfigurations = (
				F9BC77AE1D2D65E10039C415 /* Debug */,
				F9BC77AF1D2D65E10039C415 /* Release */,
			);
			defaultConfigurationIsVisible = 0;
			defaultConfigurationName = Release;
		};
		F9BC77B01D2D65E10039C415 /* Build configuration list for PBXNativeTarget "TimeTableUITests" */ = {
			isa = XCConfigurationList;
			buildConfigurations = (
				F9BC77B11D2D65E10039C415 /* Debug */,
				F9BC77B21D2D65E10039C415 /* Release */,
			);
			defaultConfigurationIsVisible = 0;
			defaultConfigurationName = Release;
		};
/* End XCConfigurationList section */
	};
	rootObject = F9BC777A1D2D65E10039C415 /* Project object */;
}
